
Microsoft Visual Studio Solution File, Format Version 12.00
# Visual Studio Version 16
VisualStudioVersion = 16.0.31005.135
MinimumVisualStudioVersion = 10.0.40219.1
Project("{FAE04EC0-301F-11D3-BF4B-00C04F79EFBC}") = "SuperCoders_SharpView", "SuperCoders_SharpView.csproj", "{586BE603-1266-48AF-B14E-79261EAB348C}"
EndProject
Global
	GlobalSection(SolutionConfigurationPlatforms) = preSolution
		Debug|Any CPU = Debug|Any CPU
		Release|Any CPU = Release|Any CPU
	EndGlobalSection
	GlobalSection(ProjectConfigurationPlatforms) = postSolution
		{586BE603-1266-48AF-B14E-79261EAB348C}.Debug|Any CPU.ActiveCfg = Debug|Any CPU
		{586BE603-1266-48AF-B14E-79261EAB348C}.Debug|Any CPU.Build.0 = Debug|Any CPU
		{586BE603-1266-48AF-B14E-79261EAB348C}.Release|Any CPU.ActiveCfg = Release|Any CPU
		{586BE603-1266-48AF-B14E-79261EAB348C}.Release|Any CPU.Build.0 = Release|Any CPU
	EndGlobalSection
	GlobalSection(SolutionProperties) = preSolution
		HideSolutionNode = FALSE
	EndGlobalSection
	GlobalSection(ExtensibilityGlobals) = postSolution
		SolutionGuid = {FA483E27-9895-48F0-A0A6-B70495AE6062}
	EndGlobalSection
EndGlobal
